
Microsoft Visual Studio Solution File, Format Version 12.00
# Visual Studio Version 17
VisualStudioVersion = 17.0.31611.283
MinimumVisualStudioVersion = 10.0.40219.1
Project("{9A19103F-16F7-4668-BE54-9A1E7A4F7556}") = "ToolkitParty.MAUI", "ToolkitParty.MAUI\ToolkitParty.MAUI.csproj", "{F3523540-9FA8-4780-BEF7-04A6F9E1F414}"
EndProject
Project("{FAE04EC0-301F-11D3-BF4B-00C04F79EFBC}") = "ToolkitParty.MAUI.Controls", "ToolkitParty.MAUI.Controls\ToolkitParty.MAUI.Controls.csproj", "{63F3179A-94F4-4253-8265-EC6DF3049199}"
EndProject
Global
	GlobalSection(SolutionConfigurationPlatforms) = preSolution
		Debug|Any CPU = Debug|Any CPU
		Release|Any CPU = Release|Any CPU
	EndGlobalSection
	GlobalSection(ProjectConfigurationPlatforms) = postSolution
		{F3523540-9FA8-4780-BEF7-04A6F9E1F414}.Debug|Any CPU.ActiveCfg = Debug|Any CPU
		{F3523540-9FA8-4780-BEF7-04A6F9E1F414}.Debug|Any CPU.Build.0 = Debug|Any CPU
		{F3523540-9FA8-4780-BEF7-04A6F9E1F414}.Debug|Any CPU.Deploy.0 = Debug|Any CPU
		{F3523540-9FA8-4780-BEF7-04A6F9E1F414}.Release|Any CPU.ActiveCfg = Release|Any CPU
		{F3523540-9FA8-4780-BEF7-04A6F9E1F414}.Release|Any CPU.Build.0 = Release|Any CPU
		{F3523540-9FA8-4780-BEF7-04A6F9E1F414}.Release|Any CPU.Deploy.0 = Release|Any CPU
		{63F3179A-94F4-4253-8265-EC6DF3049199}.Debug|Any CPU.ActiveCfg = Debug|Any CPU
		{63F3179A-94F4-4253-8265-EC6DF3049199}.Debug|Any CPU.Build.0 = Debug|Any CPU
		{63F3179A-94F4-4253-8265-EC6DF3049199}.Release|Any CPU.ActiveCfg = Release|Any CPU
		{63F3179A-94F4-4253-8265-EC6DF3049199}.Release|Any CPU.Build.0 = Release|Any CPU
	EndGlobalSection
	GlobalSection(SolutionProperties) = preSolution
		HideSolutionNode = FALSE
	EndGlobalSection
	GlobalSection(ExtensibilityGlobals) = postSolution
		SolutionGuid = {61F7FB11-1E47-470C-91E2-47F8143E1572}
	EndGlobalSection
EndGlobal
